
Microsoft Visual Studio Solution File, Format Version 12.00
# Visual Studio Version 16
VisualStudioVersion = 16.0.32802.440
MinimumVisualStudioVersion = 10.0.40219.1
Project("{8BC9CEB8-8B4A-11D0-8D11-00A0C91BC942}") = "1718", "1718\1718.vcxproj", "{D73303AE-EC22-41A3-8D6A-B714C5621FFB}"
EndProject
Global
	GlobalSection(SolutionConfigurationPlatforms) = preSolution
		Debug|x64 = Debug|x64
		Debug|x86 = Debug|x86
		Release|x64 = Release|x64
		Release|x86 = Release|x86
	EndGlobalSection
	GlobalSection(ProjectConfigurationPlatforms) = postSolution
		{D73303AE-EC22-41A3-8D6A-B714C5621FFB}.Debug|x64.ActiveCfg = Debug|x64
		{D73303AE-EC22-41A3-8D6A-B714C5621FFB}.Debug|x64.Build.0 = Debug|x64
		{D73303AE-EC22-41A3-8D6A-B714C5621FFB}.Debug|x86.ActiveCfg = Debug|Win32
		{D73303AE-EC22-41A3-8D6A-B714C5621FFB}.Debug|x86.Build.0 = Debug|Win32
		{D73303AE-EC22-41A3-8D6A-B714C5621FFB}.Release|x64.ActiveCfg = Release|x64
		{D73303AE-EC22-41A3-8D6A-B714C5621FFB}.Release|x64.Build.0 = Release|x64
		{D73303AE-EC22-41A3-8D6A-B714C5621FFB}.Release|x86.ActiveCfg = Release|Win32
		{D73303AE-EC22-41A3-8D6A-B714C5621FFB}.Release|x86.Build.0 = Release|Win32
	EndGlobalSection
	GlobalSection(SolutionProperties) = preSolution
		HideSolutionNode = FALSE
	EndGlobalSection
	GlobalSection(ExtensibilityGlobals) = postSolution
		SolutionGuid = {14C47560-F2AF-46C8-AE8D-CB40B002C85B}
	EndGlobalSection
EndGlobal
